
Microsoft Visual Studio Solution File, Format Version 12.00
# Visual Studio 2013
VisualStudioVersion = 12.0.40629.0
MinimumVisualStudioVersion = 10.0.40219.1
Project("{FAE04EC0-301F-11D3-BF4B-00C04F79EFBC}") = "Enigma", "E\Enigma.csproj", "{29176BFB-17E7-485D-AB01-D06FD2550D5E}"
EndProject
Project("{FAE04EC0-301F-11D3-BF4B-00C04F79EFBC}") = "Test", "Test\Test.csproj", "{CE449D30-6619-465C-A4F3-D6E18DE1ACC7}"
EndProject
Global
	GlobalSection(TeamFoundationVersionControl) = preSolution
		SccNumberOfProjects = 3
		SccEnterpriseProvider = {4CA58AB2-18FA-4F8D-95D4-32DDF27D184C}
		SccTeamFoundationServer = https://tfs.codeplex.com/tfs/tfs40
		SccLocalPath0 = .
		SccProjectUniqueName1 = E\\Enigma.csproj
		SccProjectName1 = E
		SccLocalPath1 = E
		SccProjectUniqueName2 = Test\\Test.csproj
		SccProjectName2 = Test
		SccLocalPath2 = Test
	EndGlobalSection
	GlobalSection(SolutionConfigurationPlatforms) = preSolution
		Debug|Any CPU = Debug|Any CPU
		Release|Any CPU = Release|Any CPU
	EndGlobalSection
	GlobalSection(ProjectConfigurationPlatforms) = postSolution
		{29176BFB-17E7-485D-AB01-D06FD2550D5E}.Debug|Any CPU.ActiveCfg = Debug|Any CPU
		{29176BFB-17E7-485D-AB01-D06FD2550D5E}.Debug|Any CPU.Build.0 = Debug|Any CPU
		{29176BFB-17E7-485D-AB01-D06FD2550D5E}.Release|Any CPU.ActiveCfg = Release|Any CPU
		{29176BFB-17E7-485D-AB01-D06FD2550D5E}.Release|Any CPU.Build.0 = Release|Any CPU
		{CE449D30-6619-465C-A4F3-D6E18DE1ACC7}.Debug|Any CPU.ActiveCfg = Debug|Any CPU
		{CE449D30-6619-465C-A4F3-D6E18DE1ACC7}.Debug|Any CPU.Build.0 = Debug|Any CPU
		{CE449D30-6619-465C-A4F3-D6E18DE1ACC7}.Release|Any CPU.ActiveCfg = Release|Any CPU
		{CE449D30-6619-465C-A4F3-D6E18DE1ACC7}.Release|Any CPU.Build.0 = Release|Any CPU
	EndGlobalSection
	GlobalSection(SolutionProperties) = preSolution
		HideSolutionNode = FALSE
	EndGlobalSection
EndGlobal
